
Microsoft Visual Studio Solution File, Format Version 12.00
# Visual Studio Version 16
VisualStudioVersion = 16.0.29102.190
MinimumVisualStudioVersion = 10.0.40219.1
Project("{00D1A9C2-B5F0-4AF3-8072-F6C62B433612}") = "DependencyScheduler", "DependencyScheduler\DependencyScheduler.sqlproj", "{FC9DBDEF-0137-40CB-A88B-9052FCF331BD}"
EndProject
Global
	GlobalSection(SolutionConfigurationPlatforms) = preSolution
		Debug|Any CPU = Debug|Any CPU
		Release|Any CPU = Release|Any CPU
	EndGlobalSection
	GlobalSection(ProjectConfigurationPlatforms) = postSolution
		{FC9DBDEF-0137-40CB-A88B-9052FCF331BD}.Debug|Any CPU.ActiveCfg = Debug|Any CPU
		{FC9DBDEF-0137-40CB-A88B-9052FCF331BD}.Debug|Any CPU.Build.0 = Debug|Any CPU
		{FC9DBDEF-0137-40CB-A88B-9052FCF331BD}.Debug|Any CPU.Deploy.0 = Debug|Any CPU
		{FC9DBDEF-0137-40CB-A88B-9052FCF331BD}.Release|Any CPU.ActiveCfg = Release|Any CPU
		{FC9DBDEF-0137-40CB-A88B-9052FCF331BD}.Release|Any CPU.Build.0 = Release|Any CPU
		{FC9DBDEF-0137-40CB-A88B-9052FCF331BD}.Release|Any CPU.Deploy.0 = Release|Any CPU
	EndGlobalSection
	GlobalSection(SolutionProperties) = preSolution
		HideSolutionNode = FALSE
	EndGlobalSection
	GlobalSection(ExtensibilityGlobals) = postSolution
		SolutionGuid = {D5DDC214-2DAD-4455-A243-74B155B0B0E2}
	EndGlobalSection
EndGlobal
